
Microsoft Visual Studio Solution File, Format Version 12.00
# Visual Studio Version 17
VisualStudioVersion = 17.10.35027.167
MinimumVisualStudioVersion = 10.0.40219.1
Project("{FAE04EC0-301F-11D3-BF4B-00C04F79EFBC}") = "Contacts.Maui", "Contacts.Maui\Contacts.Maui.csproj", "{FB86B9E3-F7EB-4302-B6D5-16DF2614F249}"
EndProject
Global
	GlobalSection(SolutionConfigurationPlatforms) = preSolution
		Debug|Any CPU = Debug|Any CPU
		Release|Any CPU = Release|Any CPU
	EndGlobalSection
	GlobalSection(ProjectConfigurationPlatforms) = postSolution
		{FB86B9E3-F7EB-4302-B6D5-16DF2614F249}.Debug|Any CPU.ActiveCfg = Debug|Any CPU
		{FB86B9E3-F7EB-4302-B6D5-16DF2614F249}.Debug|Any CPU.Build.0 = Debug|Any CPU
		{FB86B9E3-F7EB-4302-B6D5-16DF2614F249}.Debug|Any CPU.Deploy.0 = Debug|Any CPU
		{FB86B9E3-F7EB-4302-B6D5-16DF2614F249}.Release|Any CPU.ActiveCfg = Release|Any CPU
		{FB86B9E3-F7EB-4302-B6D5-16DF2614F249}.Release|Any CPU.Build.0 = Release|Any CPU
		{FB86B9E3-F7EB-4302-B6D5-16DF2614F249}.Release|Any CPU.Deploy.0 = Release|Any CPU
	EndGlobalSection
	GlobalSection(SolutionProperties) = preSolution
		HideSolutionNode = FALSE
	EndGlobalSection
	GlobalSection(ExtensibilityGlobals) = postSolution
		SolutionGuid = {D5BE6DDE-3082-409C-B1E6-297601CABD47}
	EndGlobalSection
EndGlobal
